PODS:
  - Flutter (1.0.0)
  - integration_test (0.0.1):
    - Flutter
  - QAPM (5.3.5)
  - qapm (5.3.5)

DEPENDENCIES:
  - Flutter (from `Flutter`)
  - integration_test (from `.symlinks/plugins/integration_test/ios`)
  - QAPM
  - qapm (from `.symlinks/plugins/qapm/ios`)

SPEC REPOS:
  https://github.com/TencentCloud/QAPM-iOS-CocoaPods.git:
    - QAPM

EXTERNAL SOURCES:
  Flutter:
    :path: Flutter
  integration_test:
    :path: ".symlinks/plugins/integration_test/ios"
  qapm:
    :path: ".symlinks/plugins/qapm/ios"

SPEC CHECKSUMS:
  Flutter: e0871f40cf51350855a761d2e70bf5af5b9b5de7
  integration_test: ce0a3ffa1de96d1a89ca0ac26fca7ea18a749ef4
  QAPM: 9cd39cf402b5b70a2b382b85507ba4c2e03e235c
  qapm: 5240a5590804f1a842b84bf05d94b1067b351adb

PODFILE CHECKSUM: 7a6b4cc4282d853834f829b03cb18a3699f43302

COCOAPODS: 1.15.2
