PODS:
  - Flutter (1.0.0)
  - integration_test (0.0.1):
    - Flutter
  - qapm (5.3.7)

DEPENDENCIES:
  - Flutter (from `Flutter`)
  - integration_test (from `.symlinks/plugins/integration_test/ios`)
  - qapm (from `.symlinks/plugins/qapm/ios`)

EXTERNAL SOURCES:
  Flutter:
    :path: Flutter
  integration_test:
    :path: ".symlinks/plugins/integration_test/ios"
  qapm:
    :path: ".symlinks/plugins/qapm/ios"

SPEC CHECKSUMS:
  Flutter: e0871f40cf51350855a761d2e70bf5af5b9b5de7
  integration_test: ce0a3ffa1de96d1a89ca0ac26fca7ea18a749ef4
  qapm: d36e585f94a383c68df08cdb43d65f138efc6e8d

PODFILE CHECKSUM: cd6d33a46687accde78131de194299de79c425c5

COCOAPODS: 1.15.2
